// !$*UTF8*$!
{
	archiveVersion = 1;
	classes = {
	};
	objectVersion = 51;
	objects = {

/* Begin PBXBuildFile section */
		E81CA47824AC7138007EF321 /* Const.swift in Sources */ = {isa = PBXBuildFile; fileRef = E81CA47724AC7138007EF321 /* Const.swift */; };
		E81CA47C24AC7229007EF321 /* PostData.swift in Sources */ = {isa = PBXBuildFile; fileRef = E81CA47B24AC7229007EF321 /* PostData.swift */; };
		E81CA48524AC7357007EF321 /* PostTableViewCell.swift in Sources */ = {isa = PBXBuildFile; fileRef = E81CA48324AC7357007EF321 /* PostTableViewCell.swift */; };
		E81CA48824AC9B82007EF321 /* PostTableViewCell.xib in Resources */ = {isa = PBXBuildFile; fileRef = E81CA48724AC9B82007EF321 /* PostTableViewCell.xib */; };
		E81CA48B24AEB03F007EF321 /* PostTableViewCell2.swift in Sources */ = {isa = PBXBuildFile; fileRef = E81CA48924AEB03F007EF321 /* PostTableViewCell2.swift */; };
		E81CA48C24AEB03F007EF321 /* PostTableViewCell2.xib in Resources */ = {isa = PBXBuildFile; fileRef = E81CA48A24AEB03F007EF321 /* PostTableViewCell2.xib */; };
		E8E5A96EC8C0761F021444B9 /* Pods_Instagram.framework in Frameworks */ = {isa = PBXBuildFile; fileRef = A78C54ECDE160F7B7C048C63 /* Pods_Instagram.framework */; };
		E8F2FCFD24A82D63004CC0F8 /* AppDelegate.swift in Sources */ = {isa = PBXBuildFile; fileRef = E8F2FCFC24A82D63004CC0F8 /* AppDelegate.swift */; };
		E8F2FCFF24A82D63004CC0F8 /* SceneDelegate.swift in Sources */ = {isa = PBXBuildFile; fileRef = E8F2FCFE24A82D63004CC0F8 /* SceneDelegate.swift */; };
		E8F2FD0424A82D63004CC0F8 /* Main.storyboard in Resources */ = {isa = PBXBuildFile; fileRef = E8F2FD0224A82D63004CC0F8 /* Main.storyboard */; };
		E8F2FD0624A82D65004CC0F8 /* Assets.xcassets in Resources */ = {isa = PBXBuildFile; fileRef = E8F2FD0524A82D65004CC0F8 /* Assets.xcassets */; };
		E8F2FD0924A82D65004CC0F8 /* LaunchScreen.storyboard in Resources */ = {isa = PBXBuildFile; fileRef = E8F2FD0724A82D65004CC0F8 /* LaunchScreen.storyboard */; };
		E8F2FD1124A82E05004CC0F8 /* LoginViewController.swift in Sources */ = {isa = PBXBuildFile; fileRef = E8F2FD1024A82E05004CC0F8 /* LoginViewController.swift */; };
		E8F2FD1324A82E25004CC0F8 /* HomeViewController.swift in Sources */ = {isa = PBXBuildFile; fileRef = E8F2FD1224A82E25004CC0F8 /* HomeViewController.swift */; };
		E8F2FD1524A82E38004CC0F8 /* ImageSelectViewController.swift in Sources */ = {isa = PBXBuildFile; fileRef = E8F2FD1424A82E38004CC0F8 /* ImageSelectViewController.swift */; };
		E8F2FD1724A82E4A004CC0F8 /* PostViewController.swift in Sources */ = {isa = PBXBuildFile; fileRef = E8F2FD1624A82E4A004CC0F8 /* PostViewController.swift */; };
		E8F2FD1924A82E5B004CC0F8 /* SettingViewController.swift in Sources */ = {isa = PBXBuildFile; fileRef = E8F2FD1824A82E5B004CC0F8 /* SettingViewController.swift */; };
		E8F2FD1D24A8413E004CC0F8 /* TabBarController.swift in Sources */ = {isa = PBXBuildFile; fileRef = E8F2FD1C24A8413E004CC0F8 /* TabBarController.swift */; };
		E8F2FD1F24A87632004CC0F8 /* GoogleService-Info.plist in Resources */ = {isa = PBXBuildFile; fileRef = E8F2FD1E24A87631004CC0F8 /* GoogleService-Info.plist */; };
/* End PBXBuildFile section */

/* Begin PBXFileReference section */
		4618EC65560BA84EB439011A /* Pods-Instagram.debug.xcconfig */ = {isa = PBXFileReference; includeInIndex = 1; lastKnownFileType = text.xcconfig; name = "Pods-Instagram.debug.xcconfig"; path = "Target Support Files/Pods-Instagram/Pods-Instagram.debug.xcconfig"; sourceTree = "<group>"; };
		A78C54ECDE160F7B7C048C63 /* Pods_Instagram.framework */ = {isa = PBXFileReference; explicitFileType = wrapper.framework; includeInIndex = 0; path = Pods_Instagram.framework; sourceTree = BUILT_PRODUCTS_DIR; };
		BDC9D543B63C97492A093973 /* Pods-Instagram.release.xcconfig */ = {isa = PBXFileReference; includeInIndex = 1; lastKnownFileType = text.xcconfig; name = "Pods-Instagram.release.xcconfig"; path = "Target Support Files/Pods-Instagram/Pods-Instagram.release.xcconfig"; sourceTree = "<group>"; };
		E81CA47724AC7138007EF321 /* Const.swift */ = {isa = PBXFileReference; lastKnownFileType = sourcecode.swift; path = Const.swift; sourceTree = "<group>"; };
		E81CA47B24AC7229007EF321 /* PostData.swift */ = {isa = PBXFileReference; lastKnownFileType = sourcecode.swift; path = PostData.swift; sourceTree = "<group>"; };
		E81CA48324AC7357007EF321 /* PostTableViewCell.swift */ = {isa = PBXFileReference; lastKnownFileType = sourcecode.swift; path = PostTableViewCell.swift; sourceTree = "<group>"; };
		E81CA48724AC9B82007EF321 /* PostTableViewCell.xib */ = {isa = PBXFileReference; fileEncoding = 4; lastKnownFileType = file.xib; path = PostTableViewCell.xib; sourceTree = "<group>"; };
		E81CA48924AEB03F007EF321 /* PostTableViewCell2.swift */ = {isa = PBXFileReference; lastKnownFileType = sourcecode.swift; path = PostTableViewCell2.swift; sourceTree = "<group>"; };
		E81CA48A24AEB03F007EF321 /* PostTableViewCell2.xib */ = {isa = PBXFileReference; lastKnownFileType = file.xib; path = PostTableViewCell2.xib; sourceTree = "<group>"; };
		E8F2FCF924A82D63004CC0F8 /* Instagram.app */ = {isa = PBXFileReference; explicitFileType = wrapper.application; includeInIndex = 0; path = Instagram.app; sourceTree = BUILT_PRODUCTS_DIR; };
		E8F2FCFC24A82D63004CC0F8 /* AppDelegate.swift */ = {isa = PBXFileReference; lastKnownFileType = sourcecode.swift; path = AppDelegate.swift; sourceTree = "<group>"; };
		E8F2FCFE24A82D63004CC0F8 /* SceneDelegate.swift */ = {isa = PBXFileReference; lastKnownFileType = sourcecode.swift; path = SceneDelegate.swift; sourceTree = "<group>"; };
		E8F2FD0324A82D63004CC0F8 /* Base */ = {isa = PBXFileReference; lastKnownFileType = file.storyboard; name = Base; path = Base.lproj/Main.storyboard; sourceTree = "<group>"; };
		E8F2FD0524A82D65004CC0F8 /* Assets.xcassets */ = {isa = PBXFileReference; lastKnownFileType = folder.assetcatalog; path = Assets.xcassets; sourceTree = "<group>"; };
		E8F2FD0824A82D65004CC0F8 /* Base */ = {isa = PBXFileReference; lastKnownFileType = file.storyboard; name = Base; path = Base.lproj/LaunchScreen.storyboard; sourceTree = "<group>"; };
		E8F2FD0A24A82D65004CC0F8 /* Info.plist */ = {isa = PBXFileReference; lastKnownFileType = text.plist.xml; path = Info.plist; sourceTree = "<group>"; };
		E8F2FD1024A82E05004CC0F8 /* LoginViewController.swift */ = {isa = PBXFileReference; lastKnownFileType = sourcecode.swift; path = LoginViewController.swift; sourceTree = "<group>"; };
		E8F2FD1224A82E25004CC0F8 /* HomeViewController.swift */ = {isa = PBXFileReference; lastKnownFileType = sourcecode.swift; path = HomeViewController.swift; sourceTree = "<group>"; };
		E8F2FD1424A82E38004CC0F8 /* ImageSelectViewController.swift */ = {isa = PBXFileReference; lastKnownFileType = sourcecode.swift; path = ImageSelectViewController.swift; sourceTree = "<group>"; };
		E8F2FD1624A82E4A004CC0F8 /* PostViewController.swift */ = {isa = PBXFileReference; lastKnownFileType = sourcecode.swift; path = PostViewController.swift; sourceTree = "<group>"; };
		E8F2FD1824A82E5B004CC0F8 /* SettingViewController.swift */ = {isa = PBXFileReference; lastKnownFileType = sourcecode.swift; path = SettingViewController.swift; sourceTree = "<group>"; };
		E8F2FD1C24A8413E004CC0F8 /* TabBarController.swift */ = {isa = PBXFileReference; lastKnownFileType = sourcecode.swift; path = TabBarController.swift; sourceTree = "<group>"; };
		E8F2FD1E24A87631004CC0F8 /* GoogleService-Info.plist */ = {isa = PBXFileReference; fileEncoding = 4; lastKnownFileType = text.plist.xml; path = "GoogleService-Info.plist"; sourceTree = "<group>"; };
/* End PBXFileReference section */

/* Begin PBXFrameworksBuildPhase section */
		E8F2FCF624A82D63004CC0F8 /* Frameworks */ = {
			isa = PBXFrameworksBuildPhase;
			buildActionMask = 2147483647;
			files = (
				E8E5A96EC8C0761F021444B9 /* Pods_Instagram.framework in Frameworks */,
			);
			runOnlyForDeploymentPostprocessing = 0;
		};
/* End PBXFrameworksBuildPhase section */

/* Begin PBXGroup section */
		3B14467443FFB638D7572919 /* Frameworks */ = {
			isa = PBXGroup;
			children = (
				A78C54ECDE160F7B7C048C63 /* Pods_Instagram.framework */,
			);
			name = Frameworks;
			sourceTree = "<group>";
		};
		A2B7D0933A135957D91E8A9E /* Pods */ = {
			isa = PBXGroup;
			children = (
				4618EC65560BA84EB439011A /* Pods-Instagram.debug.xcconfig */,
				BDC9D543B63C97492A093973 /* Pods-Instagram.release.xcconfig */,
			);
			path = Pods;
			sourceTree = "<group>";
		};
		E8F2FCF024A82D63004CC0F8 = {
			isa = PBXGroup;
			children = (
				E8F2FCFB24A82D63004CC0F8 /* Instagram */,
				E8F2FCFA24A82D63004CC0F8 /* Products */,
				A2B7D0933A135957D91E8A9E /* Pods */,
				3B14467443FFB638D7572919 /* Frameworks */,
			);
			sourceTree = "<group>";
		};
		E8F2FCFA24A82D63004CC0F8 /* Products */ = {
			isa = PBXGroup;
			children = (
				E8F2FCF924A82D63004CC0F8 /* Instagram.app */,
			);
			name = Products;
			sourceTree = "<group>";
		};
		E8F2FCFB24A82D63004CC0F8 /* Instagram */ = {
			isa = PBXGroup;
			children = (
				E8F2FCFC24A82D63004CC0F8 /* AppDelegate.swift */,
				E8F2FCFE24A82D63004CC0F8 /* SceneDelegate.swift */,
				E81CA47724AC7138007EF321 /* Const.swift */,
				E8F2FD1024A82E05004CC0F8 /* LoginViewController.swift */,
				E81CA47B24AC7229007EF321 /* PostData.swift */,
				E81CA48324AC7357007EF321 /* PostTableViewCell.swift */,
				E81CA48724AC9B82007EF321 /* PostTableViewCell.xib */,
				E8F2FD1224A82E25004CC0F8 /* HomeViewController.swift */,
				E8F2FD1424A82E38004CC0F8 /* ImageSelectViewController.swift */,
				E81CA48924AEB03F007EF321 /* PostTableViewCell2.swift */,
				E81CA48A24AEB03F007EF321 /* PostTableViewCell2.xib */,
				E8F2FD1624A82E4A004CC0F8 /* PostViewController.swift */,
				E8F2FD1824A82E5B004CC0F8 /* SettingViewController.swift */,
				E8F2FD1C24A8413E004CC0F8 /* TabBarController.swift */,
				E8F2FD0224A82D63004CC0F8 /* Main.storyboard */,
				E8F2FD0524A82D65004CC0F8 /* Assets.xcassets */,
				E8F2FD0724A82D65004CC0F8 /* LaunchScreen.storyboard */,
				E8F2FD0A24A82D65004CC0F8 /* Info.plist */,
				E8F2FD1E24A87631004CC0F8 /* GoogleService-Info.plist */,
			);
			path = Instagram;
			sourceTree = "<group>";
		};
/* End PBXGroup section */

/* Begin PBXNativeTarget section */
		E8F2FCF824A82D63004CC0F8 /* Instagram */ = {
			isa = PBXNativeTarget;
			buildConfigurationList = E8F2FD0D24A82D65004CC0F8 /* Build configuration list for PBXNativeTarget "Instagram" */;
			buildPhases = (
				1363342D2D5F5412D643294A /* [CP] Check Pods Manifest.lock */,
				E8F2FCF524A82D63004CC0F8 /* Sources */,
				E8F2FCF624A82D63004CC0F8 /* Frameworks */,
				E8F2FCF724A82D63004CC0F8 /* Resources */,
				FBF6B3B2E9F985185F4A490E /* [CP] Embed Pods Frameworks */,
			);
			buildRules = (
			);
			dependencies = (
			);
			name = Instagram;
			productName = Instagram;
			productReference = E8F2FCF924A82D63004CC0F8 /* Instagram.app */;
			productType = "com.apple.product-type.application";
		};
/* End PBXNativeTarget section */

/* Begin PBXProject section */
		E8F2FCF124A82D63004CC0F8 /* Project object */ = {
			isa = PBXProject;
			attributes = {
				LastSwiftUpdateCheck = 1110;
				LastUpgradeCheck = 1110;
				ORGANIZATIONNAME = takumi.yoshiya;
				TargetAttributes = {
					E8F2FCF824A82D63004CC0F8 = {
						CreatedOnToolsVersion = 11.1;
					};
				};
			};
			buildConfigurationList = E8F2FCF424A82D63004CC0F8 /* Build configuration list for PBXProject "Instagram" */;
			compatibilityVersion = "Xcode 9.3";
			developmentRegion = en;
			hasScannedForEncodings = 0;
			knownRegions = (
				en,
				Base,
			);
			mainGroup = E8F2FCF024A82D63004CC0F8;
			productRefGroup = E8F2FCFA24A82D63004CC0F8 /* Products */;
			projectDirPath = "";
			projectRoot = "";
			targets = (
				E8F2FCF824A82D63004CC0F8 /* Instagram */,
			);
		};
/* End PBXProject section */

/* Begin PBXResourcesBuildPhase section */
		E8F2FCF724A82D63004CC0F8 /* Resources */ = {
			isa = PBXResourcesBuildPhase;
			buildActionMask = 2147483647;
			files = (
				E8F2FD0924A82D65004CC0F8 /* LaunchScreen.storyboard in Resources */,
				E8F2FD1F24A87632004CC0F8 /* GoogleService-Info.plist in Resources */,
				E81CA48C24AEB03F007EF321 /* PostTableViewCell2.xib in Resources */,
				E8F2FD0624A82D65004CC0F8 /* Assets.xcassets in Resources */,
				E81CA48824AC9B82007EF321 /* PostTableViewCell.xib in Resources */,
				E8F2FD0424A82D63004CC0F8 /* Main.storyboard in Resources */,
			);
			runOnlyForDeploymentPostprocessing = 0;
		};
/* End PBXResourcesBuildPhase section */

/* Begin PBXShellScriptBuildPhase section */
		1363342D2D5F5412D643294A /* [CP] Check Pods Manifest.lock */ = {
			isa = PBXShellScriptBuildPhase;
			buildActionMask = 2147483647;
			files = (
			);
			inputFileListPaths = (
			);
			inputPaths = (
				"${PODS_PODFILE_DIR_PATH}/Podfile.lock",
				"${PODS_ROOT}/Manifest.lock",
			);
			name = "[CP] Check Pods Manifest.lock";
			outputFileListPaths = (
			);
			outputPaths = (
				"$(DERIVED_FILE_DIR)/Pods-Instagram-checkManifestLockResult.txt",
			);
			runOnlyForDeploymentPostprocessing = 0;
			shellPath = /bin/sh;
			shellScript = "diff \"${PODS_PODFILE_DIR_PATH}/Podfile.lock\" \"${PODS_ROOT}/Manifest.lock\" > /dev/null\nif [ $? != 0 ] ; then\n    # print error to STDERR\n    echo \"error: The sandbox is not in sync with the Podfile.lock. Run 'pod install' or update your CocoaPods installation.\" >&2\n    exit 1\nfi\n# This output is used by Xcode 'outputs' to avoid re-running this script phase.\necho \"SUCCESS\" > \"${SCRIPT_OUTPUT_FILE_0}\"\n";
			showEnvVarsInLog = 0;
		};
		FBF6B3B2E9F985185F4A490E /* [CP] Embed Pods Frameworks */ = {
			isa = PBXShellScriptBuildPhase;
			buildActionMask = 2147483647;
			files = (
			);
			inputFileListPaths = (
				"${PODS_ROOT}/Target Support Files/Pods-Instagram/Pods-Instagram-frameworks-${CONFIGURATION}-input-files.xcfilelist",
			);
			name = "[CP] Embed Pods Frameworks";
			outputFileListPaths = (
				"${PODS_ROOT}/Target Support Files/Pods-Instagram/Pods-Instagram-frameworks-${CONFIGURATION}-output-files.xcfilelist",
			);
			runOnlyForDeploymentPostprocessing = 0;
			shellPath = /bin/sh;
			shellScript = "\"${PODS_ROOT}/Target Support Files/Pods-Instagram/Pods-Instagram-frameworks.sh\"\n";
			showEnvVarsInLog = 0;
		};
/* End PBXShellScriptBuildPhase section */

/* Begin PBXSourcesBuildPhase section */
		E8F2FCF524A82D63004CC0F8 /* Sources */ = {
			isa = PBXSourcesBuildPhase;
			buildActionMask = 2147483647;
			files = (
				E81CA48524AC7357007EF321 /* PostTableViewCell.swift in Sources */,
				E8F2FD1524A82E38004CC0F8 /* ImageSelectViewController.swift in Sources */,
				E8F2FD1D24A8413E004CC0F8 /* TabBarController.swift in Sources */,
				E8F2FD1324A82E25004CC0F8 /* HomeViewController.swift in Sources */,
				E8F2FD1724A82E4A004CC0F8 /* PostViewController.swift in Sources */,
				E8F2FD1924A82E5B004CC0F8 /* SettingViewController.swift in Sources */,
				E81CA47824AC7138007EF321 /* Const.swift in Sources */,
				E8F2FD1124A82E05004CC0F8 /* LoginViewController.swift in Sources */,
				E8F2FCFD24A82D63004CC0F8 /* AppDelegate.swift in Sources */,
				E81CA47C24AC7229007EF321 /* PostData.swift in Sources */,
				E81CA48B24AEB03F007EF321 /* PostTableViewCell2.swift in Sources */,
				E8F2FCFF24A82D63004CC0F8 /* SceneDelegate.swift in Sources */,
			);
			runOnlyForDeploymentPostprocessing = 0;
		};
/* End PBXSourcesBuildPhase section */

/* Begin PBXVariantGroup section */
		E8F2FD0224A82D63004CC0F8 /* Main.storyboard */ = {
			isa = PBXVariantGroup;
			children = (
				E8F2FD0324A82D63004CC0F8 /* Base */,
			);
			name = Main.storyboard;
			sourceTree = "<group>";
		};
		E8F2FD0724A82D65004CC0F8 /* LaunchScreen.storyboard */ = {
			isa = PBXVariantGroup;
			children = (
				E8F2FD0824A82D65004CC0F8 /* Base */,
			);
			name = LaunchScreen.storyboard;
			sourceTree = "<group>";
		};
/* End PBXVariantGroup section */

/* Begin XCBuildConfiguration section */
		E8F2FD0B24A82D65004CC0F8 /* Debug */ = {
			isa = XCBuildConfiguration;
			buildSettings = {
				ALWAYS_SEARCH_USER_PATHS = NO;
				CLANG_ANALYZER_NONNULL = YES;
				CLANG_ANALYZER_NUMBER_OBJECT_CONVERSION = YES_AGGRESSIVE;
				CLANG_CXX_LANGUAGE_STANDARD = "gnu++14";
				CLANG_CXX_LIBRARY = "libc++";
				CLANG_ENABLE_MODULES = YES;
				CLANG_ENABLE_OBJC_ARC = YES;
				CLANG_ENABLE_OBJC_WEAK = YES;
				CLANG_WARN_BLOCK_CAPTURE_AUTORELEASING = YES;
				CLANG_WARN_BOOL_CONVERSION = YES;
				CLANG_WARN_COMMA = YES;
				CLANG_WARN_CONSTANT_CONVERSION = YES;
				CLANG_WARN_DEPRECATED_OBJC_IMPLEMENTATIONS = YES;
				CLANG_WARN_DIRECT_OBJC_ISA_USAGE = YES_ERROR;
				CLANG_WARN_DOCUMENTATION_COMMENTS = YES;
				CLANG_WARN_EMPTY_BODY = YES;
				CLANG_WARN_ENUM_CONVERSION = YES;
				CLANG_WARN_INFINITE_RECURSION = YES;
				CLANG_WARN_INT_CONVERSION = YES;
				CLANG_WARN_NON_LITERAL_NULL_CONVERSION = YES;
				CLANG_WARN_OBJC_IMPLICIT_RETAIN_SELF = YES;
				CLANG_WARN_OBJC_LITERAL_CONVERSION = YES;
				CLANG_WARN_OBJC_ROOT_CLASS = YES_ERROR;
				CLANG_WARN_RANGE_LOOP_ANALYSIS = YES;
				CLANG_WARN_STRICT_PROTOTYPES = YES;
				CLANG_WARN_SUSPICIOUS_MOVE = YES;
				CLANG_WARN_UNGUARDED_AVAILABILITY = YES_AGGRESSIVE;
				CLANG_WARN_UNREACHABLE_CODE = YES;
				CLANG_WARN__DUPLICATE_METHOD_MATCH = YES;
				COPY_PHASE_STRIP = NO;
				DEBUG_INFORMATION_FORMAT = dwarf;
				ENABLE_STRICT_OBJC_MSGSEND = YES;
				ENABLE_TESTABILITY = YES;
				GCC_C_LANGUAGE_STANDARD = gnu11;
				GCC_DYNAMIC_NO_PIC = NO;
				GCC_NO_COMMON_BLOCKS = YES;
				GCC_OPTIMIZATION_LEVEL = 0;
				GCC_PREPROCESSOR_DEFINITIONS = (
					"DEBUG=1",
					"$(inherited)",
				);
				GCC_WARN_64_TO_32_BIT_CONVERSION = YES;
				GCC_WARN_ABOUT_RETURN_TYPE = YES_ERROR;
				GCC_WARN_UNDECLARED_SELECTOR = YES;
				GCC_WARN_UNINITIALIZED_AUTOS = YES_AGGRESSIVE;
				GCC_WARN_UNUSED_FUNCTION = YES;
				GCC_WARN_UNUSED_VARIABLE = YES;
				IPHONEOS_DEPLOYMENT_TARGET = 13.1;
				MTL_ENABLE_DEBUG_INFO = INCLUDE_SOURCE;
				MTL_FAST_MATH = YES;
				ONLY_ACTIVE_ARCH = YES;
				SDKROOT = iphoneos;
				SWIFT_ACTIVE_COMPILATION_CONDITIONS = DEBUG;
				SWIFT_OPTIMIZATION_LEVEL = "-Onone";
			};
			name = Debug;
		};
		E8F2FD0C24A82D65004CC0F8 /* Release */ = {
			isa = XCBuildConfiguration;
			buildSettings = {
				ALWAYS_SEARCH_USER_PATHS = NO;
				CLANG_ANALYZER_NONNULL = YES;
				CLANG_ANALYZER_NUMBER_OBJECT_CONVERSION = YES_AGGRESSIVE;
				CLANG_CXX_LANGUAGE_STANDARD = "gnu++14";
				CLANG_CXX_LIBRARY = "libc++";
				CLANG_ENABLE_MODULES = YES;
				CLANG_ENABLE_OBJC_ARC = YES;
				CLANG_ENABLE_OBJC_WEAK = YES;
				CLANG_WARN_BLOCK_CAPTURE_AUTORELEASING = YES;
				CLANG_WARN_BOOL_CONVERSION = YES;
				CLANG_WARN_COMMA = YES;
				CLANG_WARN_CONSTANT_CONVERSION = YES;
				CLANG_WARN_DEPRECATED_OBJC_IMPLEMENTATIONS = YES;
				CLANG_WARN_DIRECT_OBJC_ISA_USAGE = YES_ERROR;
				CLANG_WARN_DOCUMENTATION_COMMENTS = YES;
				CLANG_WARN_EMPTY_BODY = YES;
				CLANG_WARN_ENUM_CONVERSION = YES;
				CLANG_WARN_INFINITE_RECURSION = YES;
				CLANG_WARN_INT_CONVERSION = YES;
				CLANG_WARN_NON_LITERAL_NULL_CONVERSION = YES;
				CLANG_WARN_OBJC_IMPLICIT_RETAIN_SELF = YES;
				CLANG_WARN_OBJC_LITERAL_CONVERSION = YES;
				CLANG_WARN_OBJC_ROOT_CLASS = YES_ERROR;
				CLANG_WARN_RANGE_LOOP_ANALYSIS = YES;
				CLANG_WARN_STRICT_PROTOTYPES = YES;
				CLANG_WARN_SUSPICIOUS_MOVE = YES;
				CLANG_WARN_UNGUARDED_AVAILABILITY = YES_AGGRESSIVE;
				CLANG_WARN_UNREACHABLE_CODE = YES;
				CLANG_WARN__DUPLICATE_METHOD_MATCH = YES;
				COPY_PHASE_STRIP = NO;
				DEBUG_INFORMATION_FORMAT = "dwarf-with-dsym";
				ENABLE_NS_ASSERTIONS = NO;
				ENABLE_STRICT_OBJC_MSGSEND = YES;
				GCC_C_LANGUAGE_STANDARD = gnu11;
				GCC_NO_COMMON_BLOCKS = YES;
				GCC_WARN_64_TO_32_BIT_CONVERSION = YES;
				GCC_WARN_ABOUT_RETURN_TYPE = YES_ERROR;
				GCC_WARN_UNDECLARED_SELECTOR = YES;
				GCC_WARN_UNINITIALIZED_AUTOS = YES_AGGRESSIVE;
				GCC_WARN_UNUSED_FUNCTION = YES;
				GCC_WARN_UNUSED_VARIABLE = YES;
				IPHONEOS_DEPLOYMENT_TARGET = 13.1;
				MTL_ENABLE_DEBUG_INFO = NO;
				MTL_FAST_MATH = YES;
				SDKROOT = iphoneos;
				SWIFT_COMPILATION_MODE = wholemodule;
				SWIFT_OPTIMIZATION_LEVEL = "-O";
				VALIDATE_PRODUCT = YES;
			};
			name = Release;
		};
		E8F2FD0E24A82D65004CC0F8 /* Debug */ = {
			isa = XCBuildConfiguration;
			baseConfigurationReference = 4618EC65560BA84EB439011A /* Pods-Instagram.debug.xcconfig */;
			buildSettings = {
				ASSETCATALOG_COMPILER_APPICON_NAME = AppIcon;
				CODE_SIGN_STYLE = Automatic;
				DEVELOPMENT_TEAM = GA7C28D3YK;
				INFOPLIST_FILE = Instagram/Info.plist;
				LD_RUNPATH_SEARCH_PATHS = (
					"$(inherited)",
					"@executable_path/Frameworks",
				);
				PRODUCT_BUNDLE_IDENTIFIER = jp.techacademy.takumi.yoshiya.Instagram;
				PRODUCT_NAME = "$(TARGET_NAME)";
				SWIFT_VERSION = 5.0;
				TARGETED_DEVICE_FAMILY = 1;
			};
			name = Debug;
		};
		E8F2FD0F24A82D65004CC0F8 /* Release */ = {
			isa = XCBuildConfiguration;
			baseConfigurationReference = BDC9D543B63C97492A093973 /* Pods-Instagram.release.xcconfig */;
			buildSettings = {
				ASSETCATALOG_COMPILER_APPICON_NAME = AppIcon;
				CODE_SIGN_STYLE = Automatic;
				DEVELOPMENT_TEAM = GA7C28D3YK;
				INFOPLIST_FILE = Instagram/Info.plist;
				LD_RUNPATH_SEARCH_PATHS = (
					"$(inherited)",
					"@executable_path/Frameworks",
				);
				PRODUCT_BUNDLE_IDENTIFIER = jp.techacademy.takumi.yoshiya.Instagram;
				PRODUCT_NAME = "$(TARGET_NAME)";
				SWIFT_VERSION = 5.0;
				TARGETED_DEVICE_FAMILY = 1;
			};
			name = Release;
		};
/* End XCBuildConfiguration section */

/* Begin XCConfigurationList section */
		E8F2FCF424A82D63004CC0F8 /* Build configuration list for PBXProject "Instagram" */ = {
			isa = XCConfigurationList;
			buildConfigurations = (
				E8F2FD0B24A82D65004CC0F8 /* Debug */,
				E8F2FD0C24A82D65004CC0F8 /* Release */,
			);
			defaultConfigurationIsVisible = 0;
			defaultConfigurationName = Release;
		};
		E8F2FD0D24A82D65004CC0F8 /* Build configuration list for PBXNativeTarget "Instagram" */ = {
			isa = XCConfigurationList;
			buildConfigurations = (
				E8F2FD0E24A82D65004CC0F8 /* Debug */,
				E8F2FD0F24A82D65004CC0F8 /* Release */,
			);
			defaultConfigurationIsVisible = 0;
			defaultConfigurationName = Release;
		};
/* End XCConfigurationList section */
	};
	rootObject = E8F2FCF124A82D63004CC0F8 /* Project object */;
}
